<?xml version="1.0"?>
<Project ToolsVersion="4.0" xmlns="http://schemas.microsoft.com/developer/msbuild/2003">
	<ItemGroup>
		<ClCompile Include="src\ofApp.cpp">
			<Filter>src</Filter>
		</ClCompile>
		<ClCompile Include="src\main.cpp">
			<Filter>src</Filter>
		</ClCompile>
		<ClCompile Include="..\src\ofxOGrafAssets.cpp">
			<Filter>addons\ofxOGraf\src</Filter>
		</ClCompile>
		<ClCompile Include="..\src\ofxOGrafControls.cpp">
			<Filter>addons\ofxOGraf\src</Filter>
		</ClCompile>
		<ClCompile Include="..\src\ofxOGrafAuthoring.cpp">
			<Filter>addons\ofxOGraf\src</Filter>
		</ClCompile>
		<ClCompile Include="..\src\ofxOGrafCodeTemplate.cpp">
			<Filter>addons\ofxOGraf\src</Filter>
		</ClCompile>
		<ClCompile Include="..\src\ofxOGrafExtensions.cpp">
			<Filter>addons\ofxOGraf\src</Filter>
		</ClCompile>
		<ClCompile Include="..\src\ofxOGrafGraphic.cpp">
			<Filter>addons\ofxOGraf\src</Filter>
		</ClCompile>
		<ClCompile Include="..\src\ofxOGrafImGuiControls.cpp">
			<Filter>addons\ofxOGraf\src</Filter>
		</ClCompile>
		<ClCompile Include="..\src\ofxOGrafRenderer.cpp">
			<Filter>addons\ofxOGraf\src</Filter>
		</ClCompile>
		<ClCompile Include="..\src\ofxOGrafRendererShapes.cpp">
			<Filter>addons\ofxOGraf\src</Filter>
		</ClCompile>
		<ClCompile Include="..\src\ofxOGrafScene.cpp">
			<Filter>addons\ofxOGraf\src</Filter>
		</ClCompile>
		<ClCompile Include="..\src\ofxOGrafSceneLoader.cpp">
			<Filter>addons\ofxOGraf\src</Filter>
		</ClCompile>
		<ClCompile Include="..\src\ofxOGrafTimeline.cpp">
			<Filter>addons\ofxOGraf\src</Filter>
		</ClCompile>
		<ClCompile Include="..\..\ofxImGui\src\BaseEngine.cpp">
			<Filter>addons\ofxImGui\src</Filter>
		</ClCompile>
		<ClCompile Include="..\..\ofxImGui\src\DefaultTheme.cpp">
			<Filter>addons\ofxImGui\src</Filter>
		</ClCompile>
		<ClCompile Include="..\..\ofxImGui\src\EngineGLFW.cpp">
			<Filter>addons\ofxImGui\src</Filter>
		</ClCompile>
		<ClCompile Include="..\..\ofxImGui\src\EngineOpenFrameworks.cpp">
			<Filter>addons\ofxImGui\src</Filter>
		</ClCompile>
		<ClCompile Include="..\..\ofxImGui\src\EngineOpenGLES.cpp">
			<Filter>addons\ofxImGui\src</Filter>
		</ClCompile>
		<ClCompile Include="..\..\ofxImGui\src\Gui.cpp">
			<Filter>addons\ofxImGui\src</Filter>
		</ClCompile>
		<ClCompile Include="..\..\ofxImGui\src\GuiEventHelper.cpp">
			<Filter>addons\ofxImGui\src</Filter>
		</ClCompile>
		<ClCompile Include="..\..\ofxImGui\src\ImHelpers.cpp">
			<Filter>addons\ofxImGui\src</Filter>
		</ClCompile>
		<ClCompile Include="..\..\ofxImGui\src\ofxImGuiLoggerChannel.cpp">
		<ClInclude Include="..\src\ofxOGrafAuthoring.h">
			<Filter>addons\ofxOGraf\src</Filter>
		</ClInclude>
		<ClInclude Include="..\src\ofxOGrafCodeTemplate.h">
			<Filter>addons\ofxOGraf\src</Filter>
		</ClInclude>
			<Filter>addons\ofxImGui\src</Filter>
		</ClCompile>
		<ClCompile Include="..\..\ofxImGui\libs\imgui\backends\imgui_impl_glfw.cpp">
			<Filter>addons\ofxImGui\libs\imgui\backends</Filter>
		</ClCompile>
		<ClCompile Include="..\..\ofxImGui\libs\imgui\backends\imgui_impl_glfw_context_support.cpp">
			<Filter>addons\ofxImGui\libs\imgui\backends</Filter>
		</ClCompile>
		<ClCompile Include="..\..\ofxImGui\libs\imgui\backends\imgui_impl_opengl2.cpp">
			<Filter>addons\ofxImGui\libs\imgui\backends</Filter>
		</ClCompile>
		<ClCompile Include="..\..\ofxImGui\libs\imgui\backends\imgui_impl_opengl3.cpp">
			<Filter>addons\ofxImGui\libs\imgui\backends</Filter>
		</ClCompile>
		<ClCompile Include="..\..\ofxImGui\libs\imgui\extras\imgui_stdlib.cpp">
			<Filter>addons\ofxImGui\libs\imgui\extras</Filter>
		</ClCompile>
		<ClCompile Include="..\..\ofxImGui\libs\imgui\src\imgui.cpp">
			<Filter>addons\ofxImGui\libs\imgui\src</Filter>
		</ClCompile>
		<ClCompile Include="..\..\ofxImGui\libs\imgui\src\imgui_demo.cpp">
			<Filter>addons\ofxImGui\libs\imgui\src</Filter>
		</ClCompile>
		<ClCompile Include="..\..\ofxImGui\libs\imgui\src\imgui_draw.cpp">
			<Filter>addons\ofxImGui\libs\imgui\src</Filter>
		</ClCompile>
		<ClCompile Include="..\..\ofxImGui\libs\imgui\src\imgui_tables.cpp">
			<Filter>addons\ofxImGui\libs\imgui\src</Filter>
		</ClCompile>
		<ClCompile Include="..\..\ofxImGui\libs\imgui\src\imgui_widgets.cpp">
			<Filter>addons\ofxImGui\libs\imgui\src</Filter>
		</ClCompile>
	</ItemGroup>
	<ItemGroup>
		<Filter Include="src">
			<UniqueIdentifier>{d8376475-7454-4a24-b08a-aac121d3ad6f}</UniqueIdentifier>
		</Filter>
		<Filter Include="addons">
			<UniqueIdentifier>{9A4FBDF4--6C7-B-45-74-9-804-196ADFF74031}</UniqueIdentifier>
		</Filter>
		<Filter Include="addons\ofxOGraf">
			<UniqueIdentifier>{4101C820--41E-C-43-9E-A-F2F-3EC7B6B4A673}</UniqueIdentifier>
		</Filter>
		<Filter Include="addons\ofxOGraf\src">
			<UniqueIdentifier>{A2AF891A--3F6-4-40-02-A-6CF-158072730A55}</UniqueIdentifier>
		</Filter>
		<Filter Include="addons\ofxImGui">
			<UniqueIdentifier>{F157ED15--03F-E-42-C5-A-DA8-4D79EA156DF1}</UniqueIdentifier>
		</Filter>
		<Filter Include="addons\ofxImGui\src">
			<UniqueIdentifier>{1817C02A--ED3-F-43-F1-8-C77-91E212EA771F}</UniqueIdentifier>
		</Filter>
		<Filter Include="addons\ofxImGui\libs">
			<UniqueIdentifier>{F198CA1F--9D6-2-41-E1-B-BC2-8B59AF282569}</UniqueIdentifier>
		</Filter>
		<Filter Include="addons\ofxImGui\libs\imgui">
			<UniqueIdentifier>{6B4AF489--7F1-B-43-C0-9-E2A-16C8216978A2}</UniqueIdentifier>
		</Filter>
		<Filter Include="addons\ofxImGui\libs\imgui\backends">
			<UniqueIdentifier>{623FD6D1--BBF-D-41-0E-9-F90-44D202992C57}</UniqueIdentifier>
		</Filter>
		<Filter Include="addons\ofxImGui\libs\imgui\extras">
			<UniqueIdentifier>{8EA5155F--A26-D-42-79-8-A35-CE90E7CA29FC}</UniqueIdentifier>
		</Filter>
		<Filter Include="addons\ofxImGui\libs\imgui\src">
			<UniqueIdentifier>{C1800253--D2F-1-43-EA-9-9AB-B2434B5EF6A6}</UniqueIdentifier>
		</Filter>
	</ItemGroup>
	<ItemGroup>
		<ClInclude Include="src\ofApp.h">
			<Filter>src</Filter>
		</ClInclude>
		<ClInclude Include="..\src\ofxOGraf.h">
			<Filter>addons\ofxOGraf\src</Filter>
		</ClInclude>
		<ClInclude Include="..\src\ofxOGrafAssets.h">
			<Filter>addons\ofxOGraf\src</Filter>
		</ClInclude>
		<ClInclude Include="..\src\ofxOGrafControls.h">
			<Filter>addons\ofxOGraf\src</Filter>
		</ClInclude>
		<ClInclude Include="..\src\ofxOGrafExtensions.h">
			<Filter>addons\ofxOGraf\src</Filter>
		</ClInclude>
		<ClInclude Include="..\src\ofxOGrafGraphic.h">
			<Filter>addons\ofxOGraf\src</Filter>
		</ClInclude>
		<ClInclude Include="..\src\ofxOGrafImGuiControls.h">
			<Filter>addons\ofxOGraf\src</Filter>
		</ClInclude>
		<ClInclude Include="..\src\ofxOGrafRenderer.h">
			<Filter>addons\ofxOGraf\src</Filter>
		</ClInclude>
		<ClInclude Include="..\src\ofxOGrafScene.h">
			<Filter>addons\ofxOGraf\src</Filter>
		</ClInclude>
		<ClInclude Include="..\src\ofxOGrafSceneLoader.h">
			<Filter>addons\ofxOGraf\src</Filter>
		</ClInclude>
		<ClInclude Include="..\src\ofxOGrafTimeline.h">
			<Filter>addons\ofxOGraf\src</Filter>
		</ClInclude>
		<ClInclude Include="..\..\ofxImGui\src\BaseEngine.h">
			<Filter>addons\ofxImGui\src</Filter>
		</ClInclude>
		<ClInclude Include="..\..\ofxImGui\src\BaseTheme.h">
			<Filter>addons\ofxImGui\src</Filter>
		</ClInclude>
		<ClInclude Include="..\..\ofxImGui\src\DefaultTheme.h">
			<Filter>addons\ofxImGui\src</Filter>
		</ClInclude>
		<ClInclude Include="..\..\ofxImGui\src\EngineGLFW.h">
			<Filter>addons\ofxImGui\src</Filter>
		</ClInclude>
		<ClInclude Include="..\..\ofxImGui\src\EngineOpenFrameworks.h">
			<Filter>addons\ofxImGui\src</Filter>
		</ClInclude>
		<ClInclude Include="..\..\ofxImGui\src\EngineOpenGLES.h">
			<Filter>addons\ofxImGui\src</Filter>
		</ClInclude>
		<ClInclude Include="..\..\ofxImGui\src\EngineVk.h">
			<Filter>addons\ofxImGui\src</Filter>
		</ClInclude>
		<ClInclude Include="..\..\ofxImGui\src\gles1CompatibilityHacks.h">
			<Filter>addons\ofxImGui\src</Filter>
		</ClInclude>
		<ClInclude Include="..\..\ofxImGui\src\glfwCompatibilityHacks.h">
			<Filter>addons\ofxImGui\src</Filter>
		</ClInclude>
		<ClInclude Include="..\..\ofxImGui\src\Gui.h">
			<Filter>addons\ofxImGui\src</Filter>
		</ClInclude>
		<ClInclude Include="..\..\ofxImGui\src\GuiEventHelper.h">
			<Filter>addons\ofxImGui\src</Filter>
		</ClInclude>
		<ClInclude Include="..\..\ofxImGui\src\imconfig.h">
			<Filter>addons\ofxImGui\src</Filter>
		</ClInclude>
		<ClInclude Include="..\..\ofxImGui\src\ImHelpers.h">
			<Filter>addons\ofxImGui\src</Filter>
		</ClInclude>
		<ClInclude Include="..\..\ofxImGui\src\LinkedList.hpp">
			<Filter>addons\ofxImGui\src</Filter>
		</ClInclude>
		<ClInclude Include="..\..\ofxImGui\src\ofxImGui.h">
			<Filter>addons\ofxImGui\src</Filter>
		</ClInclude>
		<ClInclude Include="..\..\ofxImGui\src\ofxImGuiConstants.h">
			<Filter>addons\ofxImGui\src</Filter>
		</ClInclude>
		<ClInclude Include="..\..\ofxImGui\src\ofxImGuiLoggerChannel.h">
			<Filter>addons\ofxImGui\src</Filter>
		</ClInclude>
		<ClInclude Include="..\..\ofxImGui\libs\imgui\backends\imgui_impl_glfw.h">
			<Filter>addons\ofxImGui\libs\imgui\backends</Filter>
		</ClInclude>
		<ClInclude Include="..\..\ofxImGui\libs\imgui\backends\imgui_impl_glfw_arc_support.h">
			<Filter>addons\ofxImGui\libs\imgui\backends</Filter>
		</ClInclude>
		<ClInclude Include="..\..\ofxImGui\libs\imgui\backends\imgui_impl_glfw_context_support.h">
			<Filter>addons\ofxImGui\libs\imgui\backends</Filter>
		</ClInclude>
		<ClInclude Include="..\..\ofxImGui\libs\imgui\backends\imgui_impl_opengl2.h">
			<Filter>addons\ofxImGui\libs\imgui\backends</Filter>
		</ClInclude>
		<ClInclude Include="..\..\ofxImGui\libs\imgui\backends\imgui_impl_opengl3.h">
			<Filter>addons\ofxImGui\libs\imgui\backends</Filter>
		</ClInclude>
		<ClInclude Include="..\..\ofxImGui\libs\imgui\backends\imgui_impl_opengl3_loader.h">
			<Filter>addons\ofxImGui\libs\imgui\backends</Filter>
		</ClInclude>
		<ClInclude Include="..\..\ofxImGui\libs\imgui\extras\imgui_stdlib.h">
			<Filter>addons\ofxImGui\libs\imgui\extras</Filter>
		</ClInclude>
		<ClInclude Include="..\..\ofxImGui\libs\imgui\src\imgui.h">
			<Filter>addons\ofxImGui\libs\imgui\src</Filter>
		</ClInclude>
		<ClInclude Include="..\..\ofxImGui\libs\imgui\src\imgui_internal.h">
			<Filter>addons\ofxImGui\libs\imgui\src</Filter>
		</ClInclude>
		<ClInclude Include="..\..\ofxImGui\libs\imgui\src\imstb_rectpack.h">
			<Filter>addons\ofxImGui\libs\imgui\src</Filter>
		</ClInclude>
		<ClInclude Include="..\..\ofxImGui\libs\imgui\src\imstb_textedit.h">
			<Filter>addons\ofxImGui\libs\imgui\src</Filter>
		</ClInclude>
		<ClInclude Include="..\..\ofxImGui\libs\imgui\src\imstb_truetype.h">
			<Filter>addons\ofxImGui\libs\imgui\src</Filter>
		</ClInclude>
	</ItemGroup>
	<ItemGroup>
		<ResourceCompile Include="icon.rc" />
	</ItemGroup>
</Project>
