<?xml version="1.0"?>
<Project ToolsVersion="4.0" xmlns="http://schemas.microsoft.com/developer/msbuild/2003">
	<ItemGroup>
		<ClCompile Include="src\ofApp.cpp">
			<Filter>src</Filter>
		</ClCompile>
		<ClCompile Include="src\main.cpp">
			<Filter>src</Filter>
		</ClCompile>
		<ClCompile Include="..\src\ofxOGrafAssets.cpp">
			<Filter>addons\ofxOGraf\src</Filter>
		</ClCompile>
		<ClCompile Include="..\src\ofxOGrafControls.cpp">
			<Filter>addons\ofxOGraf\src</Filter>
		</ClCompile>
		<ClCompile Include="..\src\ofxOGrafAuthoring.cpp">
			<Filter>addons\ofxOGraf\src</Filter>
		</ClCompile>
		<ClCompile Include="..\src\ofxOGrafCodeTemplate.cpp">
		<ClCompile Include="..\src\ofxOGrafCodeTemplateRegistry.cpp">
			<Filter>addons\ofxOGraf\src</Filter>
		</ClCompile>
		<ClCompile Include="..\examples\native-authoring\NativeLowerThird.cpp">
			<Filter>src</Filter>
		</ClCompile>
			<Filter>addons\ofxOGraf\src</Filter>
		</ClCompile>
		<ClCompile Include="..\src\ofxOGrafExtensions.cpp">
			<Filter>addons\ofxOGraf\src</Filter>
		</ClCompile>
		<ClCompile Include="..\src\ofxOGrafGraphic.cpp">
			<Filter>addons\ofxOGraf\src</Filter>
		</ClCompile>
		<ClCompile Include="..\src\ofxOGrafImGuiControls.cpp">
			<Filter>addons\ofxOGraf\src</Filter>
		</ClCompile>
		<ClCompile Include="..\src\ofxOGrafRenderer.cpp">
			<Filter>addons\ofxOGraf\src</Filter>
		</ClCompile>
		<ClCompile Include="..\src\ofxOGrafRendererShapes.cpp">
			<Filter>addons\ofxOGraf\src</Filter>
		</ClCompile>
		<ClCompile Include="..\src\ofxOGrafScene.cpp">
			<Filter>addons\ofxOGraf\src</Filter>
		</ClCompile>
		<ClCompile Include="..\src\ofxOGrafSceneLoader.cpp">
			<Filter>addons\ofxOGraf\src</Filter>
		</ClCompile>
		<ClCompile Include="..\src\ofxOGrafTimeline.cpp">
			<Filter>addons\ofxOGraf\src</Filter>
		</ClCompile>
	</ItemGroup>
	<ItemGroup>
		<Filter Include="src">
			<UniqueIdentifier>{d8376475-7454-4a24-b08a-aac121d3ad6f}</UniqueIdentifier>
		</Filter>
		<Filter Include="addons">
			<UniqueIdentifier>{842AD194--37A-6-44-D8-8-A67-1B3CDFF31058}</UniqueIdentifier>
		</Filter>
		<Filter Include="addons\ofxOGraf">
			<UniqueIdentifier>{35E98E5A--F82-6-46-F1-A-77C-6662AAF3CFCE}</UniqueIdentifier>
		</Filter>
		<Filter Include="addons\ofxOGraf\src">
			<UniqueIdentifier>{A6F70743--4A2-1-4E-4D-9-9B3-4CE4FA1E5168}</UniqueIdentifier>
		</Filter>
	</ItemGroup>
	<ItemGroup>
		<ClInclude Include="src\ofApp.h">
			<Filter>src</Filter>
		</ClInclude>
		<ClInclude Include="..\src\ofxOGraf.h">
			<Filter>addons\ofxOGraf\src</Filter>
		</ClInclude>
		<ClInclude Include="..\src\ofxOGrafAssets.h">
			<Filter>addons\ofxOGraf\src</Filter>
		</ClInclude>
		<ClInclude Include="..\src\ofxOGrafAuthoring.h">
			<Filter>addons\ofxOGraf\src</Filter>
		</ClInclude>
		<ClInclude Include="..\src\ofxOGrafCodeTemplate.h">
		<ClInclude Include="..\src\ofxOGrafCodeTemplateRegistry.h">
			<Filter>addons\ofxOGraf\src</Filter>
		</ClInclude>
			<Filter>addons\ofxOGraf\src</Filter>
		</ClInclude>
		<ClInclude Include="..\src\ofxOGrafControls.h">
			<Filter>addons\ofxOGraf\src</Filter>
		</ClInclude>
		<ClInclude Include="..\src\ofxOGrafExtensions.h">
			<Filter>addons\ofxOGraf\src</Filter>
		</ClInclude>
		<ClInclude Include="..\src\ofxOGrafGraphic.h">
			<Filter>addons\ofxOGraf\src</Filter>
		</ClInclude>
		<ClInclude Include="..\src\ofxOGrafImGuiControls.h">
			<Filter>addons\ofxOGraf\src</Filter>
		</ClInclude>
		<ClInclude Include="..\src\ofxOGrafRenderer.h">
			<Filter>addons\ofxOGraf\src</Filter>
		</ClInclude>
		<ClInclude Include="..\src\ofxOGrafScene.h">
			<Filter>addons\ofxOGraf\src</Filter>
		</ClInclude>
		<ClInclude Include="..\src\ofxOGrafSceneLoader.h">
			<Filter>addons\ofxOGraf\src</Filter>
		</ClInclude>
		<ClInclude Include="..\src\ofxOGrafTimeline.h">
			<Filter>addons\ofxOGraf\src</Filter>
		</ClInclude>
	</ItemGroup>
	<ItemGroup>
		<ResourceCompile Include="icon.rc" />
	</ItemGroup>
</Project>
